
Microsoft Visual Studio Solution File, Format Version 11.00
# Visual Studio 2010
Project("{2150E333-8FDC-42A3-9474-1A3956D46DE8}") = "Applications", "Applications", "{BD933E0E-B3FD-470B-B53B-56DA8BC27467}"
EndProject
Project("{2150E333-8FDC-42A3-9474-1A3956D46DE8}") = "Dependencies", "Dependencies", "{A19659A8-EA00-4D5E-90C5-E8ABE7F4FB1C}"
EndProject
Project("{2150E333-8FDC-42A3-9474-1A3956D46DE8}") = "Documentation", "Documentation", "{E0BCE54D-F114-4ECD-B688-3C79BD0BE97A}"
	ProjectSection(SolutionItems) = preProject
		Documentation\Near GPS Quality NTP Settings.reg = Documentation\Near GPS Quality NTP Settings.reg
		Documentation\PMU Connection Tester Help Documents.zip = Documentation\PMU Connection Tester Help Documents.zip
	EndProjectSection
EndProject
Project("{2150E333-8FDC-42A3-9474-1A3956D46DE8}") = "Libraries", "Libraries", "{C34D3287-7D53-4BBE-9F60-6ECAAA663C7A}"
EndProject
Project("{2150E333-8FDC-42A3-9474-1A3956D46DE8}") = "Tools", "Tools", "{9EEDE95F-8333-4957-B270-02D3CD4629B5}"
EndProject
Project("{2150E333-8FDC-42A3-9474-1A3956D46DE8}") = "Infragistics", "Infragistics", "{3391C6A0-3CB1-4552-BBF9-E11E5B15B6DB}"
	ProjectSection(SolutionItems) = preProject
		Dependencies\Infragistics\Infragistics2.Shared.v7.2.dll = Dependencies\Infragistics\Infragistics2.Shared.v7.2.dll
		Dependencies\Infragistics\Infragistics2.Shared.v7.2.xml = Dependencies\Infragistics\Infragistics2.Shared.v7.2.xml
		Dependencies\Infragistics\Infragistics2.Win.Misc.v7.2.dll = Dependencies\Infragistics\Infragistics2.Win.Misc.v7.2.dll
		Dependencies\Infragistics\Infragistics2.Win.Misc.v7.2.xml = Dependencies\Infragistics\Infragistics2.Win.Misc.v7.2.xml
		Dependencies\Infragistics\Infragistics2.Win.UltraWinChart.v7.2.dll = Dependencies\Infragistics\Infragistics2.Win.UltraWinChart.v7.2.dll
		Dependencies\Infragistics\Infragistics2.Win.UltraWinChart.v7.2.xml = Dependencies\Infragistics\Infragistics2.Win.UltraWinChart.v7.2.xml
		Dependencies\Infragistics\Infragistics2.Win.UltraWinEditors.v7.2.dll = Dependencies\Infragistics\Infragistics2.Win.UltraWinEditors.v7.2.dll
		Dependencies\Infragistics\Infragistics2.Win.UltraWinEditors.v7.2.xml = Dependencies\Infragistics\Infragistics2.Win.UltraWinEditors.v7.2.xml
		Dependencies\Infragistics\Infragistics2.Win.UltraWinMaskedEdit.v7.2.dll = Dependencies\Infragistics\Infragistics2.Win.UltraWinMaskedEdit.v7.2.dll
		Dependencies\Infragistics\Infragistics2.Win.UltraWinMaskedEdit.v7.2.xml = Dependencies\Infragistics\Infragistics2.Win.UltraWinMaskedEdit.v7.2.xml
		Dependencies\Infragistics\Infragistics2.Win.UltraWinStatusBar.v7.2.dll = Dependencies\Infragistics\Infragistics2.Win.UltraWinStatusBar.v7.2.dll
		Dependencies\Infragistics\Infragistics2.Win.UltraWinStatusBar.v7.2.xml = Dependencies\Infragistics\Infragistics2.Win.UltraWinStatusBar.v7.2.xml
		Dependencies\Infragistics\Infragistics2.Win.UltraWinTabControl.v7.2.dll = Dependencies\Infragistics\Infragistics2.Win.UltraWinTabControl.v7.2.dll
		Dependencies\Infragistics\Infragistics2.Win.UltraWinTabControl.v7.2.xml = Dependencies\Infragistics\Infragistics2.Win.UltraWinTabControl.v7.2.xml
		Dependencies\Infragistics\Infragistics2.Win.UltraWinTree.v7.2.dll = Dependencies\Infragistics\Infragistics2.Win.UltraWinTree.v7.2.dll
		Dependencies\Infragistics\Infragistics2.Win.UltraWinTree.v7.2.xml = Dependencies\Infragistics\Infragistics2.Win.UltraWinTree.v7.2.xml
		Dependencies\Infragistics\Infragistics2.Win.v7.2.dll = Dependencies\Infragistics\Infragistics2.Win.v7.2.dll
		Dependencies\Infragistics\Infragistics2.Win.v7.2.xml = Dependencies\Infragistics\Infragistics2.Win.v7.2.xml
	EndProjectSection
EndProject
Project("{2150E333-8FDC-42A3-9474-1A3956D46DE8}") = "Adapters", "Adapters", "{CDEEFA49-6184-4E99-9559-C7BBD7588F3B}"
EndProject
Project("{2150E333-8FDC-42A3-9474-1A3956D46DE8}") = "openPDCManager", "openPDCManager", "{94B7694B-F813-47FF-8C50-33DCA32D183D}"
	ProjectSection(SolutionItems) = preProject
		Applications\openPDCManager\Readme.txt = Applications\openPDCManager\Readme.txt
	EndProjectSection
EndProject
Project("{2150E333-8FDC-42A3-9474-1A3956D46DE8}") = "Silverlight", "Silverlight", "{20A58D77-CB7C-444E-A084-C61B40639B60}"
	ProjectSection(SolutionItems) = preProject
		Dependencies\Infragistics\Silverlight\Infragistics.Silverlight.v9.1.dll = Dependencies\Infragistics\Silverlight\Infragistics.Silverlight.v9.1.dll
		Dependencies\Infragistics\Silverlight\Infragistics.Silverlight.XamWebMenu.v9.1.dll = Dependencies\Infragistics\Silverlight\Infragistics.Silverlight.XamWebMenu.v9.1.dll
	EndProjectSection
EndProject
Project("{2150E333-8FDC-42A3-9474-1A3956D46DE8}") = "Microsoft", "Microsoft", "{89F8C302-E1C2-4C61-9CFB-CB4879B04B38}"
	ProjectSection(SolutionItems) = preProject
		Dependencies\Microsoft\System.ServiceModel.PollingDuplex.dll = Dependencies\Microsoft\System.ServiceModel.PollingDuplex.dll
	EndProjectSection
EndProject
Project("{2150E333-8FDC-42A3-9474-1A3956D46DE8}") = "Silverlight", "Silverlight", "{2C391997-493B-4A29-9441-67A521602CFB}"
	ProjectSection(SolutionItems) = preProject
		Dependencies\Microsoft\Silverlight\Microsoft.Maps.MapControl.Common.dll = Dependencies\Microsoft\Silverlight\Microsoft.Maps.MapControl.Common.dll
		Dependencies\Microsoft\Silverlight\Microsoft.Maps.MapControl.dll = Dependencies\Microsoft\Silverlight\Microsoft.Maps.MapControl.dll
		Dependencies\Microsoft\Silverlight\Microsoft.VirtualEarth.MapControl.dll = Dependencies\Microsoft\Silverlight\Microsoft.VirtualEarth.MapControl.dll
		Dependencies\Microsoft\Silverlight\System.Windows.Controls.DataVisualization.Toolkit.dll = Dependencies\Microsoft\Silverlight\System.Windows.Controls.DataVisualization.Toolkit.dll
		Dependencies\Microsoft\Silverlight\System.Windows.Controls.Layout.Toolkit.dll = Dependencies\Microsoft\Silverlight\System.Windows.Controls.Layout.Toolkit.dll
		Dependencies\Microsoft\Silverlight\System.Windows.Controls.Toolkit.dll = Dependencies\Microsoft\Silverlight\System.Windows.Controls.Toolkit.dll
	EndProjectSection
EndProject
Project("{2150E333-8FDC-42A3-9474-1A3956D46DE8}") = "Images", "Images", "{F92C9476-E7E7-458C-B6C4-2E4707052345}"
	ProjectSection(SolutionItems) = preProject
		Documentation\Images\Data Structure Relationship Diagram.png = Documentation\Images\Data Structure Relationship Diagram.png
		Documentation\Images\IaonAdapters.png = Documentation\Images\IaonAdapters.png
		Documentation\Images\openPDCLogo_basefigure.png = Documentation\Images\openPDCLogo_basefigure.png
		Documentation\Images\TVA Phasor Data Concentrator.png = Documentation\Images\TVA Phasor Data Concentrator.png
	EndProjectSection
EndProject
Project("{2150E333-8FDC-42A3-9474-1A3956D46DE8}") = "Data", "Data", "{E7006E3E-A430-4AB2-A6CA-7653D7F62D4B}"
EndProject
Project("{2150E333-8FDC-42A3-9474-1A3956D46DE8}") = "SQL Server", "SQL Server", "{9A59B9E0-A36F-4C52-8568-CB004B20885B}"
	ProjectSection(SolutionItems) = preProject
		Data\SQL Server\InitialDataSet.sql = Data\SQL Server\InitialDataSet.sql
		Data\SQL Server\openPDC.sql = Data\SQL Server\openPDC.sql
		Data\SQL Server\SampleDataSet.sql = Data\SQL Server\SampleDataSet.sql
	EndProjectSection
EndProject
Project("{2150E333-8FDC-42A3-9474-1A3956D46DE8}") = "Access", "Access", "{F0072CE5-12A6-4713-BBD0-B57966ED2339}"
	ProjectSection(SolutionItems) = preProject
		Data\Access\openPDC-InitialDataSet.mdb = Data\Access\openPDC-InitialDataSet.mdb
		Data\Access\openPDC-SampleDataSet.mdb = Data\Access\openPDC-SampleDataSet.mdb
		Data\Access\openPDC.mdb = Data\Access\openPDC.mdb
	EndProjectSection
EndProject
Project("{2150E333-8FDC-42A3-9474-1A3956D46DE8}") = "MySQL", "MySQL", "{41F2680B-D656-47F5-9A0D-3605BF886774}"
	ProjectSection(SolutionItems) = preProject
		Data\MySQL\InitialDataSet.sql = Data\MySQL\InitialDataSet.sql
		Data\MySQL\openPDC.sql = Data\MySQL\openPDC.sql
		Data\MySQL\SampleDataSet.sql = Data\MySQL\SampleDataSet.sql
	EndProjectSection
EndProject
Project("{2150E333-8FDC-42A3-9474-1A3956D46DE8}") = "WebDataAccess", "WebDataAccess", "{DDCC02C0-E3BE-4989-996E-DFB0402F47A5}"
	ProjectSection(SolutionItems) = preProject
		Tools\WebDataAccess\jquery-1.3.2.min.js = Tools\WebDataAccess\jquery-1.3.2.min.js
		Tools\WebDataAccess\jquery.gchart.js = Tools\WebDataAccess\jquery.gchart.js
		Tools\WebDataAccess\openPDC_200.png = Tools\WebDataAccess\openPDC_200.png
		Tools\WebDataAccess\WebDataAccess.html = Tools\WebDataAccess\WebDataAccess.html
	EndProjectSection
EndProject
Project("{2150E333-8FDC-42A3-9474-1A3956D46DE8}") = "openPDC", "openPDC", "{CE260396-797B-45DF-AC53-E4FC553B57C0}"
EndProject
Project("{2150E333-8FDC-42A3-9474-1A3956D46DE8}") = "PMUConnectionTester", "PMUConnectionTester", "{9049F37F-1DE9-4F22-8F62-24D0814A80C6}"
EndProject
Project("{2150E333-8FDC-42A3-9474-1A3956D46DE8}") = "TVA", "TVA", "{4CA4A21E-97E7-4566-95DF-A8DD97D7D02B}"
	ProjectSection(SolutionItems) = preProject
		Dependencies\TVA\TVA.Communication.dll = Dependencies\TVA\TVA.Communication.dll
		Dependencies\TVA\TVA.Communication.xml = Dependencies\TVA\TVA.Communication.xml
		Dependencies\TVA\TVA.Core.dll = Dependencies\TVA\TVA.Core.dll
		Dependencies\TVA\TVA.Core.xml = Dependencies\TVA\TVA.Core.xml
		Dependencies\TVA\TVA.Historian.dll = Dependencies\TVA\TVA.Historian.dll
		Dependencies\TVA\TVA.Historian.XML = Dependencies\TVA\TVA.Historian.XML
		Dependencies\TVA\TVA.Services.dll = Dependencies\TVA\TVA.Services.dll
		Dependencies\TVA\TVA.Services.XML = Dependencies\TVA\TVA.Services.XML
		Dependencies\TVA\TVA.Web.dll = Dependencies\TVA\TVA.Web.dll
		Dependencies\TVA\TVA.Web.XML = Dependencies\TVA\TVA.Web.XML
		Dependencies\TVA\TVA.Windows.dll = Dependencies\TVA\TVA.Windows.dll
		Dependencies\TVA\TVA.Windows.XML = Dependencies\TVA\TVA.Windows.XML
	EndProjectSection
EndProject
Project("{2150E333-8FDC-42A3-9474-1A3956D46DE8}") = "MySql", "MySql", "{392338BF-FBE0-4672-880B-AB9145DEC7AC}"
	ProjectSection(SolutionItems) = preProject
		Dependencies\MySQL\MySql.Data.dll = Dependencies\MySQL\MySql.Data.dll
	EndProjectSection
EndProject
Project("{2150E333-8FDC-42A3-9474-1A3956D46DE8}") = "Test", "Test", "{532E7465-B8A6-41BA-B4BF-D23504645007}"
EndProject
Project("{2150E333-8FDC-42A3-9474-1A3956D46DE8}") = "Solution Items", "Solution Items", "{6B697ECD-E3BE-485B-BE90-BAAA12F3A68D}"
	ProjectSection(SolutionItems) = preProject
		LICENSE.txt = LICENSE.txt
		NOTICE.txt = NOTICE.txt
		openPDC.snk = openPDC.snk
		Synchrophasor.testrunconfig = Synchrophasor.testrunconfig
		Synchrophasor.vsmdi = Synchrophasor.vsmdi
	EndProjectSection
EndProject
Project("{2150E333-8FDC-42A3-9474-1A3956D46DE8}") = "DatabaseSetupUtility", "DatabaseSetupUtility", "{F7821DF0-BD48-481E-9DF9-D64AEFD24F57}"
EndProject
Project("{2150E333-8FDC-42A3-9474-1A3956D46DE8}") = "MacrodyneController", "MacrodyneController", "{A2151D77-6595-41C0-BDB2-7689110EF7C6}"
EndProject
Project("{FAE04EC0-301F-11D3-BF4B-00C04F79EFBC}") = "openPDC", "Applications\openPDC\openPDC\openPDC.csproj", "{0BF2447E-252D-4712-B154-E350AF463081}"
	ProjectSection(ProjectDependencies) = postProject
		{40FACE0F-06DF-474C-A87C-59C8EAC0B3F8} = {40FACE0F-06DF-474C-A87C-59C8EAC0B3F8}
		{1338A569-A156-4122-8B65-8D4C147AA348} = {1338A569-A156-4122-8B65-8D4C147AA348}
		{78E3A08A-E7FC-415C-82E1-0BB93C454DAD} = {78E3A08A-E7FC-415C-82E1-0BB93C454DAD}
		{B7963AA1-4A9F-4D2D-B6A2-DD792EA77AFD} = {B7963AA1-4A9F-4D2D-B6A2-DD792EA77AFD}
		{8A1BCFAA-19E8-408A-8C72-170B1211DC27} = {8A1BCFAA-19E8-408A-8C72-170B1211DC27}
		{449F2CB1-89BF-4E75-8E6C-C42FEB1AB087} = {449F2CB1-89BF-4E75-8E6C-C42FEB1AB087}
		{54CA98CC-2F0A-41F2-879D-0E42B17E8544} = {54CA98CC-2F0A-41F2-879D-0E42B17E8544}
		{B74CF4DA-2972-489B-AF08-419560EE57EF} = {B74CF4DA-2972-489B-AF08-419560EE57EF}
		{A6875AF1-9183-4FED-8628-9067E0324208} = {A6875AF1-9183-4FED-8628-9067E0324208}
	EndProjectSection
EndProject
Project("{FAE04EC0-301F-11D3-BF4B-00C04F79EFBC}") = "openPDCConsole", "Applications\openPDC\openPDCConsole\openPDCConsole.csproj", "{449F2CB1-89BF-4E75-8E6C-C42FEB1AB087}"
EndProject
Project("{FAE04EC0-301F-11D3-BF4B-00C04F79EFBC}") = "TVA.PhasorProtocols", "Libraries\TVA.PhasorProtocols\TVA.PhasorProtocols.csproj", "{54CA98CC-2F0A-41F2-879D-0E42B17E8544}"
EndProject
Project("{FAE04EC0-301F-11D3-BF4B-00C04F79EFBC}") = "NASPInet", "Libraries\Adapters\NASPInet\NASPInet.csproj", "{F8902AA2-1A9A-451B-89D1-7FEA30C34C48}"
EndProject
Project("{F184B08F-C81C-45F6-A57F-5ABD9991F28F}") = "PMUConnectionTester", "Tools\PMUConnectionTester\PMUConnectionTester\PMUConnectionTester.vbproj", "{AB9A5D8C-38C2-4393-93D9-BC548ED0AB38}"
EndProject
Project("{FAE04EC0-301F-11D3-BF4B-00C04F79EFBC}") = "Data", "Applications\openPDCManager\Web.Data\Data.csproj", "{5314055B-EA03-4E15-8653-83F011D7A00E}"
EndProject
Project("{FAE04EC0-301F-11D3-BF4B-00C04F79EFBC}") = "Services", "Applications\openPDCManager\Services\Services.csproj", "{D96C8A3A-7E03-43C6-B401-41778D81FF70}"
EndProject
Project("{FAE04EC0-301F-11D3-BF4B-00C04F79EFBC}") = "Silverlight", "Applications\openPDCManager\Silverlight\Silverlight.csproj", "{3D0DC382-3C00-48A7-B9FF-D3154F8BEDF1}"
	ProjectSection(ProjectDependencies) = postProject
		{D96C8A3A-7E03-43C6-B401-41778D81FF70} = {D96C8A3A-7E03-43C6-B401-41778D81FF70}
	EndProjectSection
EndProject
Project("{FAE04EC0-301F-11D3-BF4B-00C04F79EFBC}") = "Web", "Applications\openPDCManager\Web\Web.csproj", "{0B8D74B6-5556-4118-8A97-2F182F32DE50}"
EndProject
Project("{FAE04EC0-301F-11D3-BF4B-00C04F79EFBC}") = "HistorianAdapters", "Libraries\Adapters\HistorianAdapters\HistorianAdapters.csproj", "{8A1BCFAA-19E8-408A-8C72-170B1211DC27}"
EndProject
Project("{FAE04EC0-301F-11D3-BF4B-00C04F79EFBC}") = "TestingAdapters", "Libraries\Adapters\TestingAdapters\TestingAdapters.csproj", "{1338A569-A156-4122-8B65-8D4C147AA348}"
EndProject
Project("{54435603-DBB4-11D2-8724-00A0C9A8B90C}") = "openPDCSetup", "Applications\openPDC\openPDCSetup\openPDCSetup.vdproj", "{27A26713-8779-41AB-AFF1-BAB6BB0228E8}"
EndProject
Project("{54435603-DBB4-11D2-8724-00A0C9A8B90C}") = "PMUConnectionTesterSetup", "Tools\PMUConnectionTester\PMUConnectionTesterSetup\PMUConnectionTesterSetup.vdproj", "{A519E312-66F5-4725-A88E-9B62242CBCB7}"
EndProject
Project("{54435603-DBB4-11D2-8724-00A0C9A8B90C}") = "WebSetup", "Applications\openPDCManager\WebSetup\WebSetup.vdproj", "{955C76BA-E809-4732-A15C-CD3607F66EC8}"
EndProject
Project("{54435603-DBB4-11D2-8724-00A0C9A8B90C}") = "ServicesSetup", "Applications\openPDCManager\ServicesSetup\ServicesSetup.vdproj", "{30297342-C66C-4715-A495-B6DFCF8E3A78}"
EndProject
Project("{FAE04EC0-301F-11D3-BF4B-00C04F79EFBC}") = "MySqlAdapters", "Libraries\Adapters\MySqlAdapters\MySqlAdapters.csproj", "{B7963AA1-4A9F-4D2D-B6A2-DD792EA77AFD}"
EndProject
Project("{FAE04EC0-301F-11D3-BF4B-00C04F79EFBC}") = "DataQualityMonitoring", "Libraries\Adapters\DataQualityMonitoring\DataQualityMonitoring.csproj", "{A6875AF1-9183-4FED-8628-9067E0324208}"
EndProject
Project("{FAE04EC0-301F-11D3-BF4B-00C04F79EFBC}") = "ICCPExport", "Libraries\Adapters\ICCPExport\ICCPExport.csproj", "{40FACE0F-06DF-474C-A87C-59C8EAC0B3F8}"
EndProject
Project("{FAE04EC0-301F-11D3-BF4B-00C04F79EFBC}") = "CsvAdapters", "Libraries\Adapters\CsvAdapters\CsvAdapters.csproj", "{78E3A08A-E7FC-415C-82E1-0BB93C454DAD}"
EndProject
Project("{FAE04EC0-301F-11D3-BF4B-00C04F79EFBC}") = "openPDCServices", "Applications\openPDC\openPDCServices\openPDCServices.csproj", "{17C0E07E-646F-4D20-9394-0CC34AD6D5B1}"
EndProject
Project("{FAE04EC0-301F-11D3-BF4B-00C04F79EFBC}") = "PowerCalculations", "Libraries\Adapters\PowerCalculations\PowerCalculations.csproj", "{B74CF4DA-2972-489B-AF08-419560EE57EF}"
EndProject
Project("{FAE04EC0-301F-11D3-BF4B-00C04F79EFBC}") = "TVA.PhasorProtocols.Test", "Libraries\Test\TVA.PhasorProtocols.Test\TVA.PhasorProtocols.Test.csproj", "{36D4CA56-E2DA-4435-B370-4867A83B6379}"
EndProject
Project("{54435603-DBB4-11D2-8724-00A0C9A8B90C}") = "openPDCSetup64", "Applications\openPDC\openPDCSetup\openPDCSetup64.vdproj", "{C0CAE6E7-454E-44C2-B2CF-BAF002E25D87}"
EndProject
Project("{54435603-DBB4-11D2-8724-00A0C9A8B90C}") = "PMUConnectionTesterSetup64", "Tools\PMUConnectionTester\PMUConnectionTesterSetup\PMUConnectionTesterSetup64.vdproj", "{3672EED3-F56F-4DAA-8E91-C7CEFE87D641}"
EndProject
Project("{FAE04EC0-301F-11D3-BF4B-00C04F79EFBC}") = "WPF", "Applications\openPDCManager\WPF\WPF.csproj", "{66DE6E45-E538-480D-8928-9C86390E60FE}"
EndProject
Project("{FAE04EC0-301F-11D3-BF4B-00C04F79EFBC}") = "DatabaseSetupUtility", "Tools\DatabaseSetupUtility\DatabaseSetupUtility.csproj", "{80424C23-52C7-40E6-8F4A-F4FAD30AEEAE}"
EndProject
Project("{FAE04EC0-301F-11D3-BF4B-00C04F79EFBC}") = "MacrodyneController", "Tools\MacrodyneController\MacrodyneController.csproj", "{334BA160-26D6-4A3B-92E2-42DEB4381176}"
EndProject
Project("{FAE04EC0-301F-11D3-BF4B-00C04F79EFBC}") = "COMTRADE", "Libraries\Adapters\COMTRADE\COMTRADE.csproj", "{9B93C212-786C-45C9-9B90-8CEFD24EF19D}"
EndProject
Project("{FAE04EC0-301F-11D3-BF4B-00C04F79EFBC}") = "TimeSeriesFramework", "Libraries\TimeSeriesFramework\TimeSeriesFramework.csproj", "{412F9F59-D9B9-4C8E-96D2-20492644198C}"
EndProject
Project("{2150E333-8FDC-42A3-9474-1A3956D46DE8}") = "D3", "D3", "{DD8772FF-592C-4139-ADA1-0D0D47508F39}"
	ProjectSection(SolutionItems) = preProject
		Dependencies\Microsoft\D3\DynamicDataDisplay.dll = Dependencies\Microsoft\D3\DynamicDataDisplay.dll
	EndProjectSection
EndProject
Project("{2150E333-8FDC-42A3-9474-1A3956D46DE8}") = "WPF", "WPF", "{29821B31-3A0D-469E-B8BA-AD006159BC3D}"
	ProjectSection(SolutionItems) = preProject
		Dependencies\Microsoft\WPF\System.Windows.Controls.DataVisualization.Toolkit.dll = Dependencies\Microsoft\WPF\System.Windows.Controls.DataVisualization.Toolkit.dll
		Dependencies\Microsoft\WPF\System.Windows.Controls.Input.Toolkit.dll = Dependencies\Microsoft\WPF\System.Windows.Controls.Input.Toolkit.dll
		Dependencies\Microsoft\WPF\System.Windows.Controls.Layout.Toolkit.dll = Dependencies\Microsoft\WPF\System.Windows.Controls.Layout.Toolkit.dll
		Dependencies\Microsoft\WPF\WPFToolkit.dll = Dependencies\Microsoft\WPF\WPFToolkit.dll
	EndProjectSection
EndProject
Global
	GlobalSection(TeamFoundationVersionControl) = preSolution
		SccNumberOfProjects = 30
		SccEnterpriseProvider = {4CA58AB2-18FA-4F8D-95D4-32DDF27D184C}
		SccTeamFoundationServer = https://tfs.codeplex.com/tfs/tfs07
		SccLocalPath0 = .
		SccProjectUniqueName1 = Applications\\openPDC\\openPDCConsole\\openPDCConsole.csproj
		SccProjectTopLevelParentUniqueName1 = Synchrophasor.sln
		SccProjectName1 = Applications/openPDC/openPDCConsole
		SccLocalPath1 = Applications\\openPDC\\openPDCConsole
		SccProjectUniqueName2 = Libraries\\TVA.PhasorProtocols\\TVA.PhasorProtocols.csproj
		SccProjectTopLevelParentUniqueName2 = Synchrophasor.sln
		SccProjectName2 = Libraries/TVA.PhasorProtocols
		SccLocalPath2 = Libraries\\TVA.PhasorProtocols
		SccProjectUniqueName3 = Libraries\\Adapters\\NASPInet\\NASPInet.csproj
		SccProjectTopLevelParentUniqueName3 = Synchrophasor.sln
		SccProjectName3 = Libraries/Adapters/NASPInet
		SccLocalPath3 = Libraries\\Adapters\\NASPInet
		SccProjectUniqueName4 = Applications\\openPDCManager\\Services\\Services.csproj
		SccProjectTopLevelParentUniqueName4 = Synchrophasor.sln
		SccProjectName4 = Applications/openPDCManager/Services
		SccLocalPath4 = Applications\\openPDCManager\\Services
		SccProjectUniqueName5 = Applications\\openPDCManager\\Silverlight\\Silverlight.csproj
		SccProjectTopLevelParentUniqueName5 = Synchrophasor.sln
		SccProjectName5 = Applications/openPDCManager/Silverlight
		SccLocalPath5 = Applications\\openPDCManager\\Silverlight
		SccProjectUniqueName6 = Applications\\openPDCManager\\Web\\Web.csproj
		SccProjectTopLevelParentUniqueName6 = Synchrophasor.sln
		SccProjectName6 = Applications/openPDCManager/Web
		SccLocalPath6 = Applications\\openPDCManager\\Web
		SccProjectUniqueName7 = Libraries\\Adapters\\HistorianAdapters\\HistorianAdapters.csproj
		SccProjectTopLevelParentUniqueName7 = Synchrophasor.sln
		SccProjectName7 = Libraries/Adapters/HistorianAdapters
		SccLocalPath7 = Libraries\\Adapters\\HistorianAdapters
		SccProjectUniqueName8 = Libraries\\Adapters\\TestingAdapters\\TestingAdapters.csproj
		SccProjectTopLevelParentUniqueName8 = Synchrophasor.sln
		SccProjectName8 = Libraries/Adapters/TestingAdapters
		SccLocalPath8 = Libraries\\Adapters\\TestingAdapters
		SccProjectUniqueName9 = Applications\\openPDC\\openPDCSetup\\openPDCSetup.vdproj
		SccProjectTopLevelParentUniqueName9 = Synchrophasor.sln
		SccProjectName9 = Applications/openPDC/openPDCSetup
		SccLocalPath9 = Applications\\openPDC\\openPDCSetup
		SccProjectUniqueName10 = Applications\\openPDC\\openPDC\\openPDC.csproj
		SccProjectTopLevelParentUniqueName10 = Synchrophasor.sln
		SccProjectName10 = Applications/openPDC/openPDC
		SccLocalPath10 = Applications\\openPDC\\openPDC
		SccProjectUniqueName11 = Tools\\PMUConnectionTester\\PMUConnectionTester\\PMUConnectionTester.vbproj
		SccProjectTopLevelParentUniqueName11 = Synchrophasor.sln
		SccProjectName11 = Tools/PMUConnectionTester/PMUConnectionTester
		SccLocalPath11 = Tools\\PMUConnectionTester\\PMUConnectionTester
		SccProjectUniqueName12 = Tools\\PMUConnectionTester\\PMUConnectionTesterSetup\\PMUConnectionTesterSetup.vdproj
		SccProjectTopLevelParentUniqueName12 = Synchrophasor.sln
		SccProjectName12 = Tools/PMUConnectionTester/PMUConnectionTesterSetup
		SccLocalPath12 = Tools\\PMUConnectionTester\\PMUConnectionTesterSetup
		SccProjectUniqueName13 = Applications\\openPDCManager\\WebSetup\\WebSetup.vdproj
		SccProjectTopLevelParentUniqueName13 = Synchrophasor.sln
		SccProjectName13 = Applications/openPDCManager/WebSetup
		SccLocalPath13 = Applications\\openPDCManager\\WebSetup
		SccProjectUniqueName14 = Applications\\openPDCManager\\ServicesSetup\\ServicesSetup.vdproj
		SccProjectTopLevelParentUniqueName14 = Synchrophasor.sln
		SccProjectName14 = Applications/openPDCManager/ServicesSetup
		SccLocalPath14 = Applications\\openPDCManager\\ServicesSetup
		SccProjectUniqueName15 = Libraries\\Adapters\\MySqlAdapters\\MySqlAdapters.csproj
		SccProjectTopLevelParentUniqueName15 = Synchrophasor.sln
		SccProjectName15 = Libraries/Adapters/MySqlAdapters
		SccLocalPath15 = Libraries\\Adapters\\MySqlAdapters
		SccProjectUniqueName16 = Libraries\\Adapters\\DataQualityMonitoring\\DataQualityMonitoring.csproj
		SccProjectTopLevelParentUniqueName16 = Synchrophasor.sln
		SccProjectName16 = Libraries/Adapters/DataQualityMonitoring
		SccLocalPath16 = Libraries\\Adapters\\DataQualityMonitoring
		SccProjectUniqueName17 = Libraries\\Adapters\\ICCPExport\\ICCPExport.csproj
		SccProjectTopLevelParentUniqueName17 = Synchrophasor.sln
		SccProjectName17 = Libraries/Adapters/ICCPExport
		SccLocalPath17 = Libraries\\Adapters\\ICCPExport
		SccProjectUniqueName18 = Libraries\\Adapters\\CsvAdapters\\CsvAdapters.csproj
		SccProjectTopLevelParentUniqueName18 = Synchrophasor.sln
		SccProjectName18 = Libraries/Adapters/CsvAdapters
		SccLocalPath18 = Libraries\\Adapters\\CsvAdapters
		SccProjectUniqueName19 = Applications\\openPDC\\openPDCServices\\openPDCServices.csproj
		SccProjectTopLevelParentUniqueName19 = Synchrophasor.sln
		SccProjectName19 = Applications/openPDC/openPDCServices
		SccLocalPath19 = Applications\\openPDC\\openPDCServices
		SccProjectUniqueName20 = Libraries\\Adapters\\PowerCalculations\\PowerCalculations.csproj
		SccProjectTopLevelParentUniqueName20 = Synchrophasor.sln
		SccProjectName20 = Libraries/Adapters/PowerCalculations
		SccLocalPath20 = Libraries\\Adapters\\PowerCalculations
		SccProjectUniqueName21 = Libraries\\Test\\TVA.PhasorProtocols.Test\\TVA.PhasorProtocols.Test.csproj
		SccProjectTopLevelParentUniqueName21 = Synchrophasor.sln
		SccProjectName21 = Libraries/Test/TVA.PhasorProtocols.Test
		SccLocalPath21 = Libraries\\Test\\TVA.PhasorProtocols.Test
		SccProjectUniqueName22 = Applications\\openPDC\\openPDCSetup\\openPDCSetup64.vdproj
		SccProjectTopLevelParentUniqueName22 = Synchrophasor.sln
		SccProjectName22 = Applications/openPDC/openPDCSetup
		SccLocalPath22 = Applications\\openPDC\\openPDCSetup
		SccProjectUniqueName23 = Tools\\PMUConnectionTester\\PMUConnectionTesterSetup\\PMUConnectionTesterSetup64.vdproj
		SccProjectTopLevelParentUniqueName23 = Synchrophasor.sln
		SccProjectName23 = Tools/PMUConnectionTester/PMUConnectionTesterSetup
		SccLocalPath23 = Tools\\PMUConnectionTester\\PMUConnectionTesterSetup
		SccProjectUniqueName24 = Applications\\openPDCManager\\WPF\\WPF.csproj
		SccProjectTopLevelParentUniqueName24 = Synchrophasor.sln
		SccProjectName24 = Applications/openPDCManager/WPF
		SccLocalPath24 = Applications\\openPDCManager\\WPF
		SccProjectUniqueName25 = Tools\\DatabaseSetupUtility\\DatabaseSetupUtility.csproj
		SccProjectTopLevelParentUniqueName25 = Synchrophasor.sln
		SccProjectName25 = Tools/DatabaseSetupUtility
		SccLocalPath25 = Tools\\DatabaseSetupUtility
		SccProjectUniqueName26 = Tools\\MacrodyneController\\MacrodyneController.csproj
		SccProjectTopLevelParentUniqueName26 = Synchrophasor.sln
		SccProjectName26 = Tools/MacrodyneController
		SccLocalPath26 = Tools\\MacrodyneController
		SccProjectUniqueName27 = Libraries\\Adapters\\COMTRADE\\COMTRADE.csproj
		SccProjectTopLevelParentUniqueName27 = Synchrophasor.sln
		SccProjectName27 = Libraries/Adapters/COMTRADE
		SccLocalPath27 = Libraries\\Adapters\\COMTRADE
		SccProjectUniqueName28 = Applications\\openPDCManager\\Web.Data\\Data.csproj
		SccProjectTopLevelParentUniqueName28 = Synchrophasor.sln
		SccProjectName28 = Applications/openPDCManager/Web.Data
		SccLocalPath28 = Applications\\openPDCManager\\Web.Data
		SccProjectUniqueName29 = Libraries\\TimeSeriesFramework\\TimeSeriesFramework.csproj
		SccProjectTopLevelParentUniqueName29 = Synchrophasor.sln
		SccProjectName29 = Libraries/TimeSeriesFramework
		SccLocalPath29 = Libraries\\TimeSeriesFramework
	EndGlobalSection
	GlobalSection(TestCaseManagementSettings) = postSolution
		CategoryFile = Synchrophasor.vsmdi
	EndGlobalSection
	GlobalSection(SolutionConfigurationPlatforms) = preSolution
		Debug|Any CPU = Debug|Any CPU
		Debug|x86 = Debug|x86
		Release|Any CPU = Release|Any CPU
		Release|x86 = Release|x86
	EndGlobalSection
	GlobalSection(ProjectConfigurationPlatforms) = postSolution
		{0BF2447E-252D-4712-B154-E350AF463081}.Debug|Any CPU.ActiveCfg = Debug|Any CPU
		{0BF2447E-252D-4712-B154-E350AF463081}.Debug|Any CPU.Build.0 = Debug|Any CPU
		{0BF2447E-252D-4712-B154-E350AF463081}.Debug|x86.ActiveCfg = Debug|x86
		{0BF2447E-252D-4712-B154-E350AF463081}.Debug|x86.Build.0 = Debug|x86
		{0BF2447E-252D-4712-B154-E350AF463081}.Release|Any CPU.ActiveCfg = Release|Any CPU
		{0BF2447E-252D-4712-B154-E350AF463081}.Release|Any CPU.Build.0 = Release|Any CPU
		{0BF2447E-252D-4712-B154-E350AF463081}.Release|x86.ActiveCfg = Release|x86
		{0BF2447E-252D-4712-B154-E350AF463081}.Release|x86.Build.0 = Release|x86
		{449F2CB1-89BF-4E75-8E6C-C42FEB1AB087}.Debug|Any CPU.ActiveCfg = Debug|Any CPU
		{449F2CB1-89BF-4E75-8E6C-C42FEB1AB087}.Debug|Any CPU.Build.0 = Debug|Any CPU
		{449F2CB1-89BF-4E75-8E6C-C42FEB1AB087}.Debug|x86.ActiveCfg = Debug|x86
		{449F2CB1-89BF-4E75-8E6C-C42FEB1AB087}.Debug|x86.Build.0 = Debug|x86
		{449F2CB1-89BF-4E75-8E6C-C42FEB1AB087}.Release|Any CPU.ActiveCfg = Release|Any CPU
		{449F2CB1-89BF-4E75-8E6C-C42FEB1AB087}.Release|Any CPU.Build.0 = Release|Any CPU
		{449F2CB1-89BF-4E75-8E6C-C42FEB1AB087}.Release|x86.ActiveCfg = Release|x86
		{449F2CB1-89BF-4E75-8E6C-C42FEB1AB087}.Release|x86.Build.0 = Release|x86
		{54CA98CC-2F0A-41F2-879D-0E42B17E8544}.Debug|Any CPU.ActiveCfg = Debug|Any CPU
		{54CA98CC-2F0A-41F2-879D-0E42B17E8544}.Debug|Any CPU.Build.0 = Debug|Any CPU
		{54CA98CC-2F0A-41F2-879D-0E42B17E8544}.Debug|x86.ActiveCfg = Debug|x86
		{54CA98CC-2F0A-41F2-879D-0E42B17E8544}.Debug|x86.Build.0 = Debug|x86
		{54CA98CC-2F0A-41F2-879D-0E42B17E8544}.Release|Any CPU.ActiveCfg = Release|Any CPU
		{54CA98CC-2F0A-41F2-879D-0E42B17E8544}.Release|Any CPU.Build.0 = Release|Any CPU
		{54CA98CC-2F0A-41F2-879D-0E42B17E8544}.Release|x86.ActiveCfg = Release|x86
		{54CA98CC-2F0A-41F2-879D-0E42B17E8544}.Release|x86.Build.0 = Release|x86
		{F8902AA2-1A9A-451B-89D1-7FEA30C34C48}.Debug|Any CPU.ActiveCfg = Debug|Any CPU
		{F8902AA2-1A9A-451B-89D1-7FEA30C34C48}.Debug|Any CPU.Build.0 = Debug|Any CPU
		{F8902AA2-1A9A-451B-89D1-7FEA30C34C48}.Debug|x86.ActiveCfg = Debug|x86
		{F8902AA2-1A9A-451B-89D1-7FEA30C34C48}.Debug|x86.Build.0 = Debug|x86
		{F8902AA2-1A9A-451B-89D1-7FEA30C34C48}.Release|Any CPU.ActiveCfg = Release|Any CPU
		{F8902AA2-1A9A-451B-89D1-7FEA30C34C48}.Release|Any CPU.Build.0 = Release|Any CPU
		{F8902AA2-1A9A-451B-89D1-7FEA30C34C48}.Release|x86.ActiveCfg = Release|x86
		{F8902AA2-1A9A-451B-89D1-7FEA30C34C48}.Release|x86.Build.0 = Release|x86
		{AB9A5D8C-38C2-4393-93D9-BC548ED0AB38}.Debug|Any CPU.ActiveCfg = Debug|Any CPU
		{AB9A5D8C-38C2-4393-93D9-BC548ED0AB38}.Debug|Any CPU.Build.0 = Debug|Any CPU
		{AB9A5D8C-38C2-4393-93D9-BC548ED0AB38}.Debug|x86.ActiveCfg = Debug|x86
		{AB9A5D8C-38C2-4393-93D9-BC548ED0AB38}.Debug|x86.Build.0 = Debug|x86
		{AB9A5D8C-38C2-4393-93D9-BC548ED0AB38}.Release|Any CPU.ActiveCfg = Release|Any CPU
		{AB9A5D8C-38C2-4393-93D9-BC548ED0AB38}.Release|Any CPU.Build.0 = Release|Any CPU
		{AB9A5D8C-38C2-4393-93D9-BC548ED0AB38}.Release|x86.ActiveCfg = Release|x86
		{AB9A5D8C-38C2-4393-93D9-BC548ED0AB38}.Release|x86.Build.0 = Release|x86
		{5314055B-EA03-4E15-8653-83F011D7A00E}.Debug|Any CPU.ActiveCfg = Debug|Any CPU
		{5314055B-EA03-4E15-8653-83F011D7A00E}.Debug|Any CPU.Build.0 = Debug|Any CPU
		{5314055B-EA03-4E15-8653-83F011D7A00E}.Debug|x86.ActiveCfg = Debug|x86
		{5314055B-EA03-4E15-8653-83F011D7A00E}.Debug|x86.Build.0 = Debug|x86
		{5314055B-EA03-4E15-8653-83F011D7A00E}.Release|Any CPU.ActiveCfg = Release|Any CPU
		{5314055B-EA03-4E15-8653-83F011D7A00E}.Release|Any CPU.Build.0 = Release|Any CPU
		{5314055B-EA03-4E15-8653-83F011D7A00E}.Release|x86.ActiveCfg = Release|x86
		{5314055B-EA03-4E15-8653-83F011D7A00E}.Release|x86.Build.0 = Release|x86
		{D96C8A3A-7E03-43C6-B401-41778D81FF70}.Debug|Any CPU.ActiveCfg = Debug|Any CPU
		{D96C8A3A-7E03-43C6-B401-41778D81FF70}.Debug|Any CPU.Build.0 = Debug|Any CPU
		{D96C8A3A-7E03-43C6-B401-41778D81FF70}.Debug|x86.ActiveCfg = Debug|x86
		{D96C8A3A-7E03-43C6-B401-41778D81FF70}.Debug|x86.Build.0 = Debug|x86
		{D96C8A3A-7E03-43C6-B401-41778D81FF70}.Release|Any CPU.ActiveCfg = Release|Any CPU
		{D96C8A3A-7E03-43C6-B401-41778D81FF70}.Release|Any CPU.Build.0 = Release|Any CPU
		{D96C8A3A-7E03-43C6-B401-41778D81FF70}.Release|x86.ActiveCfg = Release|x86
		{D96C8A3A-7E03-43C6-B401-41778D81FF70}.Release|x86.Build.0 = Release|x86
		{3D0DC382-3C00-48A7-B9FF-D3154F8BEDF1}.Debug|Any CPU.ActiveCfg = Debug|Any CPU
		{3D0DC382-3C00-48A7-B9FF-D3154F8BEDF1}.Debug|Any CPU.Build.0 = Debug|Any CPU
		{3D0DC382-3C00-48A7-B9FF-D3154F8BEDF1}.Debug|x86.ActiveCfg = Debug|x86
		{3D0DC382-3C00-48A7-B9FF-D3154F8BEDF1}.Debug|x86.Build.0 = Debug|x86
		{3D0DC382-3C00-48A7-B9FF-D3154F8BEDF1}.Release|Any CPU.ActiveCfg = Release|Any CPU
		{3D0DC382-3C00-48A7-B9FF-D3154F8BEDF1}.Release|Any CPU.Build.0 = Release|Any CPU
		{3D0DC382-3C00-48A7-B9FF-D3154F8BEDF1}.Release|x86.ActiveCfg = Release|x86
		{3D0DC382-3C00-48A7-B9FF-D3154F8BEDF1}.Release|x86.Build.0 = Release|x86
		{0B8D74B6-5556-4118-8A97-2F182F32DE50}.Debug|Any CPU.ActiveCfg = Debug|Any CPU
		{0B8D74B6-5556-4118-8A97-2F182F32DE50}.Debug|Any CPU.Build.0 = Debug|Any CPU
		{0B8D74B6-5556-4118-8A97-2F182F32DE50}.Debug|x86.ActiveCfg = Debug|x86
		{0B8D74B6-5556-4118-8A97-2F182F32DE50}.Debug|x86.Build.0 = Debug|x86
		{0B8D74B6-5556-4118-8A97-2F182F32DE50}.Release|Any CPU.ActiveCfg = Release|Any CPU
		{0B8D74B6-5556-4118-8A97-2F182F32DE50}.Release|Any CPU.Build.0 = Release|Any CPU
		{0B8D74B6-5556-4118-8A97-2F182F32DE50}.Release|x86.ActiveCfg = Release|x86
		{0B8D74B6-5556-4118-8A97-2F182F32DE50}.Release|x86.Build.0 = Release|x86
		{8A1BCFAA-19E8-408A-8C72-170B1211DC27}.Debug|Any CPU.ActiveCfg = Debug|Any CPU
		{8A1BCFAA-19E8-408A-8C72-170B1211DC27}.Debug|Any CPU.Build.0 = Debug|Any CPU
		{8A1BCFAA-19E8-408A-8C72-170B1211DC27}.Debug|x86.ActiveCfg = Debug|x86
		{8A1BCFAA-19E8-408A-8C72-170B1211DC27}.Debug|x86.Build.0 = Debug|x86
		{8A1BCFAA-19E8-408A-8C72-170B1211DC27}.Release|Any CPU.ActiveCfg = Release|Any CPU
		{8A1BCFAA-19E8-408A-8C72-170B1211DC27}.Release|Any CPU.Build.0 = Release|Any CPU
		{8A1BCFAA-19E8-408A-8C72-170B1211DC27}.Release|x86.ActiveCfg = Release|x86
		{8A1BCFAA-19E8-408A-8C72-170B1211DC27}.Release|x86.Build.0 = Release|x86
		{1338A569-A156-4122-8B65-8D4C147AA348}.Debug|Any CPU.ActiveCfg = Debug|Any CPU
		{1338A569-A156-4122-8B65-8D4C147AA348}.Debug|Any CPU.Build.0 = Debug|Any CPU
		{1338A569-A156-4122-8B65-8D4C147AA348}.Debug|x86.ActiveCfg = Debug|x86
		{1338A569-A156-4122-8B65-8D4C147AA348}.Debug|x86.Build.0 = Debug|x86
		{1338A569-A156-4122-8B65-8D4C147AA348}.Release|Any CPU.ActiveCfg = Release|Any CPU
		{1338A569-A156-4122-8B65-8D4C147AA348}.Release|Any CPU.Build.0 = Release|Any CPU
		{1338A569-A156-4122-8B65-8D4C147AA348}.Release|x86.ActiveCfg = Release|x86
		{1338A569-A156-4122-8B65-8D4C147AA348}.Release|x86.Build.0 = Release|x86
		{27A26713-8779-41AB-AFF1-BAB6BB0228E8}.Debug|Any CPU.ActiveCfg = Debug
		{27A26713-8779-41AB-AFF1-BAB6BB0228E8}.Debug|x86.ActiveCfg = Debug
		{27A26713-8779-41AB-AFF1-BAB6BB0228E8}.Debug|x86.Build.0 = Debug
		{27A26713-8779-41AB-AFF1-BAB6BB0228E8}.Release|Any CPU.ActiveCfg = Release
		{27A26713-8779-41AB-AFF1-BAB6BB0228E8}.Release|x86.ActiveCfg = Release
		{27A26713-8779-41AB-AFF1-BAB6BB0228E8}.Release|x86.Build.0 = Release
		{A519E312-66F5-4725-A88E-9B62242CBCB7}.Debug|Any CPU.ActiveCfg = Debug
		{A519E312-66F5-4725-A88E-9B62242CBCB7}.Debug|x86.ActiveCfg = Debug
		{A519E312-66F5-4725-A88E-9B62242CBCB7}.Debug|x86.Build.0 = Debug
		{A519E312-66F5-4725-A88E-9B62242CBCB7}.Release|Any CPU.ActiveCfg = Release
		{A519E312-66F5-4725-A88E-9B62242CBCB7}.Release|x86.ActiveCfg = Release
		{A519E312-66F5-4725-A88E-9B62242CBCB7}.Release|x86.Build.0 = Release
		{955C76BA-E809-4732-A15C-CD3607F66EC8}.Debug|Any CPU.ActiveCfg = Debug
		{955C76BA-E809-4732-A15C-CD3607F66EC8}.Debug|x86.ActiveCfg = Debug
		{955C76BA-E809-4732-A15C-CD3607F66EC8}.Debug|x86.Build.0 = Debug
		{955C76BA-E809-4732-A15C-CD3607F66EC8}.Release|Any CPU.ActiveCfg = Release
		{955C76BA-E809-4732-A15C-CD3607F66EC8}.Release|x86.ActiveCfg = Release
		{955C76BA-E809-4732-A15C-CD3607F66EC8}.Release|x86.Build.0 = Release
		{30297342-C66C-4715-A495-B6DFCF8E3A78}.Debug|Any CPU.ActiveCfg = Debug
		{30297342-C66C-4715-A495-B6DFCF8E3A78}.Debug|x86.ActiveCfg = Debug
		{30297342-C66C-4715-A495-B6DFCF8E3A78}.Debug|x86.Build.0 = Debug
		{30297342-C66C-4715-A495-B6DFCF8E3A78}.Release|Any CPU.ActiveCfg = Release
		{30297342-C66C-4715-A495-B6DFCF8E3A78}.Release|x86.ActiveCfg = Release
		{30297342-C66C-4715-A495-B6DFCF8E3A78}.Release|x86.Build.0 = Release
		{B7963AA1-4A9F-4D2D-B6A2-DD792EA77AFD}.Debug|Any CPU.ActiveCfg = Debug|Any CPU
		{B7963AA1-4A9F-4D2D-B6A2-DD792EA77AFD}.Debug|Any CPU.Build.0 = Debug|Any CPU
		{B7963AA1-4A9F-4D2D-B6A2-DD792EA77AFD}.Debug|x86.ActiveCfg = Debug|x86
		{B7963AA1-4A9F-4D2D-B6A2-DD792EA77AFD}.Debug|x86.Build.0 = Debug|x86
		{B7963AA1-4A9F-4D2D-B6A2-DD792EA77AFD}.Release|Any CPU.ActiveCfg = Release|Any CPU
		{B7963AA1-4A9F-4D2D-B6A2-DD792EA77AFD}.Release|Any CPU.Build.0 = Release|Any CPU
		{B7963AA1-4A9F-4D2D-B6A2-DD792EA77AFD}.Release|x86.ActiveCfg = Release|x86
		{B7963AA1-4A9F-4D2D-B6A2-DD792EA77AFD}.Release|x86.Build.0 = Release|x86
		{A6875AF1-9183-4FED-8628-9067E0324208}.Debug|Any CPU.ActiveCfg = Debug|Any CPU
		{A6875AF1-9183-4FED-8628-9067E0324208}.Debug|Any CPU.Build.0 = Debug|Any CPU
		{A6875AF1-9183-4FED-8628-9067E0324208}.Debug|x86.ActiveCfg = Debug|x86
		{A6875AF1-9183-4FED-8628-9067E0324208}.Debug|x86.Build.0 = Debug|x86
		{A6875AF1-9183-4FED-8628-9067E0324208}.Release|Any CPU.ActiveCfg = Release|Any CPU
		{A6875AF1-9183-4FED-8628-9067E0324208}.Release|Any CPU.Build.0 = Release|Any CPU
		{A6875AF1-9183-4FED-8628-9067E0324208}.Release|x86.ActiveCfg = Release|x86
		{A6875AF1-9183-4FED-8628-9067E0324208}.Release|x86.Build.0 = Release|x86
		{40FACE0F-06DF-474C-A87C-59C8EAC0B3F8}.Debug|Any CPU.ActiveCfg = Debug|Any CPU
		{40FACE0F-06DF-474C-A87C-59C8EAC0B3F8}.Debug|Any CPU.Build.0 = Debug|Any CPU
		{40FACE0F-06DF-474C-A87C-59C8EAC0B3F8}.Debug|x86.ActiveCfg = Debug|x86
		{40FACE0F-06DF-474C-A87C-59C8EAC0B3F8}.Debug|x86.Build.0 = Debug|x86
		{40FACE0F-06DF-474C-A87C-59C8EAC0B3F8}.Release|Any CPU.ActiveCfg = Release|Any CPU
		{40FACE0F-06DF-474C-A87C-59C8EAC0B3F8}.Release|Any CPU.Build.0 = Release|Any CPU
		{40FACE0F-06DF-474C-A87C-59C8EAC0B3F8}.Release|x86.ActiveCfg = Release|x86
		{40FACE0F-06DF-474C-A87C-59C8EAC0B3F8}.Release|x86.Build.0 = Release|x86
		{78E3A08A-E7FC-415C-82E1-0BB93C454DAD}.Debug|Any CPU.ActiveCfg = Debug|Any CPU
		{78E3A08A-E7FC-415C-82E1-0BB93C454DAD}.Debug|Any CPU.Build.0 = Debug|Any CPU
		{78E3A08A-E7FC-415C-82E1-0BB93C454DAD}.Debug|x86.ActiveCfg = Debug|x86
		{78E3A08A-E7FC-415C-82E1-0BB93C454DAD}.Debug|x86.Build.0 = Debug|x86
		{78E3A08A-E7FC-415C-82E1-0BB93C454DAD}.Release|Any CPU.ActiveCfg = Release|Any CPU
		{78E3A08A-E7FC-415C-82E1-0BB93C454DAD}.Release|Any CPU.Build.0 = Release|Any CPU
		{78E3A08A-E7FC-415C-82E1-0BB93C454DAD}.Release|x86.ActiveCfg = Release|x86
		{78E3A08A-E7FC-415C-82E1-0BB93C454DAD}.Release|x86.Build.0 = Release|x86
		{17C0E07E-646F-4D20-9394-0CC34AD6D5B1}.Debug|Any CPU.ActiveCfg = Debug|Any CPU
		{17C0E07E-646F-4D20-9394-0CC34AD6D5B1}.Debug|Any CPU.Build.0 = Debug|Any CPU
		{17C0E07E-646F-4D20-9394-0CC34AD6D5B1}.Debug|x86.ActiveCfg = Debug|x86
		{17C0E07E-646F-4D20-9394-0CC34AD6D5B1}.Debug|x86.Build.0 = Debug|x86
		{17C0E07E-646F-4D20-9394-0CC34AD6D5B1}.Release|Any CPU.ActiveCfg = Release|Any CPU
		{17C0E07E-646F-4D20-9394-0CC34AD6D5B1}.Release|Any CPU.Build.0 = Release|Any CPU
		{17C0E07E-646F-4D20-9394-0CC34AD6D5B1}.Release|x86.ActiveCfg = Release|x86
		{17C0E07E-646F-4D20-9394-0CC34AD6D5B1}.Release|x86.Build.0 = Release|x86
		{B74CF4DA-2972-489B-AF08-419560EE57EF}.Debug|Any CPU.ActiveCfg = Debug|Any CPU
		{B74CF4DA-2972-489B-AF08-419560EE57EF}.Debug|Any CPU.Build.0 = Debug|Any CPU
		{B74CF4DA-2972-489B-AF08-419560EE57EF}.Debug|x86.ActiveCfg = Debug|x86
		{B74CF4DA-2972-489B-AF08-419560EE57EF}.Debug|x86.Build.0 = Debug|x86
		{B74CF4DA-2972-489B-AF08-419560EE57EF}.Release|Any CPU.ActiveCfg = Release|Any CPU
		{B74CF4DA-2972-489B-AF08-419560EE57EF}.Release|Any CPU.Build.0 = Release|Any CPU
		{B74CF4DA-2972-489B-AF08-419560EE57EF}.Release|x86.ActiveCfg = Release|x86
		{B74CF4DA-2972-489B-AF08-419560EE57EF}.Release|x86.Build.0 = Release|x86
		{36D4CA56-E2DA-4435-B370-4867A83B6379}.Debug|Any CPU.ActiveCfg = Debug|Any CPU
		{36D4CA56-E2DA-4435-B370-4867A83B6379}.Debug|Any CPU.Build.0 = Debug|Any CPU
		{36D4CA56-E2DA-4435-B370-4867A83B6379}.Debug|x86.ActiveCfg = Debug|x86
		{36D4CA56-E2DA-4435-B370-4867A83B6379}.Debug|x86.Build.0 = Debug|x86
		{36D4CA56-E2DA-4435-B370-4867A83B6379}.Release|Any CPU.ActiveCfg = Release|Any CPU
		{36D4CA56-E2DA-4435-B370-4867A83B6379}.Release|Any CPU.Build.0 = Release|Any CPU
		{36D4CA56-E2DA-4435-B370-4867A83B6379}.Release|x86.ActiveCfg = Release|x86
		{36D4CA56-E2DA-4435-B370-4867A83B6379}.Release|x86.Build.0 = Release|x86
		{C0CAE6E7-454E-44C2-B2CF-BAF002E25D87}.Debug|Any CPU.ActiveCfg = Debug
		{C0CAE6E7-454E-44C2-B2CF-BAF002E25D87}.Debug|x86.ActiveCfg = Debug
		{C0CAE6E7-454E-44C2-B2CF-BAF002E25D87}.Debug|x86.Build.0 = Debug
		{C0CAE6E7-454E-44C2-B2CF-BAF002E25D87}.Release|Any CPU.ActiveCfg = Release
		{C0CAE6E7-454E-44C2-B2CF-BAF002E25D87}.Release|x86.ActiveCfg = Release
		{C0CAE6E7-454E-44C2-B2CF-BAF002E25D87}.Release|x86.Build.0 = Release
		{3672EED3-F56F-4DAA-8E91-C7CEFE87D641}.Debug|Any CPU.ActiveCfg = Debug
		{3672EED3-F56F-4DAA-8E91-C7CEFE87D641}.Debug|x86.ActiveCfg = Debug
		{3672EED3-F56F-4DAA-8E91-C7CEFE87D641}.Debug|x86.Build.0 = Debug
		{3672EED3-F56F-4DAA-8E91-C7CEFE87D641}.Release|Any CPU.ActiveCfg = Release
		{3672EED3-F56F-4DAA-8E91-C7CEFE87D641}.Release|x86.ActiveCfg = Release
		{3672EED3-F56F-4DAA-8E91-C7CEFE87D641}.Release|x86.Build.0 = Release
		{66DE6E45-E538-480D-8928-9C86390E60FE}.Debug|Any CPU.ActiveCfg = Debug|Any CPU
		{66DE6E45-E538-480D-8928-9C86390E60FE}.Debug|Any CPU.Build.0 = Debug|Any CPU
		{66DE6E45-E538-480D-8928-9C86390E60FE}.Debug|x86.ActiveCfg = Debug|Any CPU
		{66DE6E45-E538-480D-8928-9C86390E60FE}.Release|Any CPU.ActiveCfg = Release|Any CPU
		{66DE6E45-E538-480D-8928-9C86390E60FE}.Release|Any CPU.Build.0 = Release|Any CPU
		{66DE6E45-E538-480D-8928-9C86390E60FE}.Release|x86.ActiveCfg = Release|Any CPU
		{80424C23-52C7-40E6-8F4A-F4FAD30AEEAE}.Debug|Any CPU.ActiveCfg = Debug|Any CPU
		{80424C23-52C7-40E6-8F4A-F4FAD30AEEAE}.Debug|Any CPU.Build.0 = Debug|Any CPU
		{80424C23-52C7-40E6-8F4A-F4FAD30AEEAE}.Debug|x86.ActiveCfg = Debug|Any CPU
		{80424C23-52C7-40E6-8F4A-F4FAD30AEEAE}.Release|Any CPU.ActiveCfg = Release|Any CPU
		{80424C23-52C7-40E6-8F4A-F4FAD30AEEAE}.Release|Any CPU.Build.0 = Release|Any CPU
		{80424C23-52C7-40E6-8F4A-F4FAD30AEEAE}.Release|x86.ActiveCfg = Release|Any CPU
		{334BA160-26D6-4A3B-92E2-42DEB4381176}.Debug|Any CPU.ActiveCfg = Debug|Any CPU
		{334BA160-26D6-4A3B-92E2-42DEB4381176}.Debug|Any CPU.Build.0 = Debug|Any CPU
		{334BA160-26D6-4A3B-92E2-42DEB4381176}.Debug|x86.ActiveCfg = Debug|Any CPU
		{334BA160-26D6-4A3B-92E2-42DEB4381176}.Release|Any CPU.ActiveCfg = Release|Any CPU
		{334BA160-26D6-4A3B-92E2-42DEB4381176}.Release|Any CPU.Build.0 = Release|Any CPU
		{334BA160-26D6-4A3B-92E2-42DEB4381176}.Release|x86.ActiveCfg = Release|Any CPU
		{9B93C212-786C-45C9-9B90-8CEFD24EF19D}.Debug|Any CPU.ActiveCfg = Debug|Any CPU
		{9B93C212-786C-45C9-9B90-8CEFD24EF19D}.Debug|Any CPU.Build.0 = Debug|Any CPU
		{9B93C212-786C-45C9-9B90-8CEFD24EF19D}.Debug|x86.ActiveCfg = Debug|x86
		{9B93C212-786C-45C9-9B90-8CEFD24EF19D}.Debug|x86.Build.0 = Debug|x86
		{9B93C212-786C-45C9-9B90-8CEFD24EF19D}.Release|Any CPU.ActiveCfg = Release|Any CPU
		{9B93C212-786C-45C9-9B90-8CEFD24EF19D}.Release|Any CPU.Build.0 = Release|Any CPU
		{9B93C212-786C-45C9-9B90-8CEFD24EF19D}.Release|x86.ActiveCfg = Release|x86
		{9B93C212-786C-45C9-9B90-8CEFD24EF19D}.Release|x86.Build.0 = Release|x86
		{412F9F59-D9B9-4C8E-96D2-20492644198C}.Debug|Any CPU.ActiveCfg = Debug|Any CPU
		{412F9F59-D9B9-4C8E-96D2-20492644198C}.Debug|Any CPU.Build.0 = Debug|Any CPU
		{412F9F59-D9B9-4C8E-96D2-20492644198C}.Debug|x86.ActiveCfg = Debug|Any CPU
		{412F9F59-D9B9-4C8E-96D2-20492644198C}.Release|Any CPU.ActiveCfg = Release|Any CPU
		{412F9F59-D9B9-4C8E-96D2-20492644198C}.Release|Any CPU.Build.0 = Release|Any CPU
		{412F9F59-D9B9-4C8E-96D2-20492644198C}.Release|x86.ActiveCfg = Release|Any CPU
	EndGlobalSection
	GlobalSection(SolutionProperties) = preSolution
		HideSolutionNode = FALSE
	EndGlobalSection
	GlobalSection(NestedProjects) = preSolution
		{94B7694B-F813-47FF-8C50-33DCA32D183D} = {BD933E0E-B3FD-470B-B53B-56DA8BC27467}
		{CE260396-797B-45DF-AC53-E4FC553B57C0} = {BD933E0E-B3FD-470B-B53B-56DA8BC27467}
		{3391C6A0-3CB1-4552-BBF9-E11E5B15B6DB} = {A19659A8-EA00-4D5E-90C5-E8ABE7F4FB1C}
		{89F8C302-E1C2-4C61-9CFB-CB4879B04B38} = {A19659A8-EA00-4D5E-90C5-E8ABE7F4FB1C}
		{4CA4A21E-97E7-4566-95DF-A8DD97D7D02B} = {A19659A8-EA00-4D5E-90C5-E8ABE7F4FB1C}
		{392338BF-FBE0-4672-880B-AB9145DEC7AC} = {A19659A8-EA00-4D5E-90C5-E8ABE7F4FB1C}
		{F92C9476-E7E7-458C-B6C4-2E4707052345} = {E0BCE54D-F114-4ECD-B688-3C79BD0BE97A}
		{CDEEFA49-6184-4E99-9559-C7BBD7588F3B} = {C34D3287-7D53-4BBE-9F60-6ECAAA663C7A}
		{532E7465-B8A6-41BA-B4BF-D23504645007} = {C34D3287-7D53-4BBE-9F60-6ECAAA663C7A}
		{54CA98CC-2F0A-41F2-879D-0E42B17E8544} = {C34D3287-7D53-4BBE-9F60-6ECAAA663C7A}
		{412F9F59-D9B9-4C8E-96D2-20492644198C} = {C34D3287-7D53-4BBE-9F60-6ECAAA663C7A}
		{DDCC02C0-E3BE-4989-996E-DFB0402F47A5} = {9EEDE95F-8333-4957-B270-02D3CD4629B5}
		{9049F37F-1DE9-4F22-8F62-24D0814A80C6} = {9EEDE95F-8333-4957-B270-02D3CD4629B5}
		{F7821DF0-BD48-481E-9DF9-D64AEFD24F57} = {9EEDE95F-8333-4957-B270-02D3CD4629B5}
		{A2151D77-6595-41C0-BDB2-7689110EF7C6} = {9EEDE95F-8333-4957-B270-02D3CD4629B5}
		{20A58D77-CB7C-444E-A084-C61B40639B60} = {3391C6A0-3CB1-4552-BBF9-E11E5B15B6DB}
		{F8902AA2-1A9A-451B-89D1-7FEA30C34C48} = {CDEEFA49-6184-4E99-9559-C7BBD7588F3B}
		{8A1BCFAA-19E8-408A-8C72-170B1211DC27} = {CDEEFA49-6184-4E99-9559-C7BBD7588F3B}
		{1338A569-A156-4122-8B65-8D4C147AA348} = {CDEEFA49-6184-4E99-9559-C7BBD7588F3B}
		{B7963AA1-4A9F-4D2D-B6A2-DD792EA77AFD} = {CDEEFA49-6184-4E99-9559-C7BBD7588F3B}
		{A6875AF1-9183-4FED-8628-9067E0324208} = {CDEEFA49-6184-4E99-9559-C7BBD7588F3B}
		{40FACE0F-06DF-474C-A87C-59C8EAC0B3F8} = {CDEEFA49-6184-4E99-9559-C7BBD7588F3B}
		{78E3A08A-E7FC-415C-82E1-0BB93C454DAD} = {CDEEFA49-6184-4E99-9559-C7BBD7588F3B}
		{B74CF4DA-2972-489B-AF08-419560EE57EF} = {CDEEFA49-6184-4E99-9559-C7BBD7588F3B}
		{9B93C212-786C-45C9-9B90-8CEFD24EF19D} = {CDEEFA49-6184-4E99-9559-C7BBD7588F3B}
		{5314055B-EA03-4E15-8653-83F011D7A00E} = {94B7694B-F813-47FF-8C50-33DCA32D183D}
		{D96C8A3A-7E03-43C6-B401-41778D81FF70} = {94B7694B-F813-47FF-8C50-33DCA32D183D}
		{3D0DC382-3C00-48A7-B9FF-D3154F8BEDF1} = {94B7694B-F813-47FF-8C50-33DCA32D183D}
		{0B8D74B6-5556-4118-8A97-2F182F32DE50} = {94B7694B-F813-47FF-8C50-33DCA32D183D}
		{955C76BA-E809-4732-A15C-CD3607F66EC8} = {94B7694B-F813-47FF-8C50-33DCA32D183D}
		{30297342-C66C-4715-A495-B6DFCF8E3A78} = {94B7694B-F813-47FF-8C50-33DCA32D183D}
		{66DE6E45-E538-480D-8928-9C86390E60FE} = {94B7694B-F813-47FF-8C50-33DCA32D183D}
		{2C391997-493B-4A29-9441-67A521602CFB} = {89F8C302-E1C2-4C61-9CFB-CB4879B04B38}
		{DD8772FF-592C-4139-ADA1-0D0D47508F39} = {89F8C302-E1C2-4C61-9CFB-CB4879B04B38}
		{29821B31-3A0D-469E-B8BA-AD006159BC3D} = {89F8C302-E1C2-4C61-9CFB-CB4879B04B38}
		{9A59B9E0-A36F-4C52-8568-CB004B20885B} = {E7006E3E-A430-4AB2-A6CA-7653D7F62D4B}
		{F0072CE5-12A6-4713-BBD0-B57966ED2339} = {E7006E3E-A430-4AB2-A6CA-7653D7F62D4B}
		{41F2680B-D656-47F5-9A0D-3605BF886774} = {E7006E3E-A430-4AB2-A6CA-7653D7F62D4B}
		{0BF2447E-252D-4712-B154-E350AF463081} = {CE260396-797B-45DF-AC53-E4FC553B57C0}
		{449F2CB1-89BF-4E75-8E6C-C42FEB1AB087} = {CE260396-797B-45DF-AC53-E4FC553B57C0}
		{27A26713-8779-41AB-AFF1-BAB6BB0228E8} = {CE260396-797B-45DF-AC53-E4FC553B57C0}
		{17C0E07E-646F-4D20-9394-0CC34AD6D5B1} = {CE260396-797B-45DF-AC53-E4FC553B57C0}
		{C0CAE6E7-454E-44C2-B2CF-BAF002E25D87} = {CE260396-797B-45DF-AC53-E4FC553B57C0}
		{AB9A5D8C-38C2-4393-93D9-BC548ED0AB38} = {9049F37F-1DE9-4F22-8F62-24D0814A80C6}
		{A519E312-66F5-4725-A88E-9B62242CBCB7} = {9049F37F-1DE9-4F22-8F62-24D0814A80C6}
		{3672EED3-F56F-4DAA-8E91-C7CEFE87D641} = {9049F37F-1DE9-4F22-8F62-24D0814A80C6}
		{36D4CA56-E2DA-4435-B370-4867A83B6379} = {532E7465-B8A6-41BA-B4BF-D23504645007}
		{80424C23-52C7-40E6-8F4A-F4FAD30AEEAE} = {F7821DF0-BD48-481E-9DF9-D64AEFD24F57}
		{334BA160-26D6-4A3B-92E2-42DEB4381176} = {A2151D77-6595-41C0-BDB2-7689110EF7C6}
	EndGlobalSection
EndGlobal
