
Microsoft Visual Studio Solution File, Format Version 10.00
# Visual Studio 2008
Project("{2150E333-8FDC-42A3-9474-1A3956D46DE8}") = "Applications", "Applications", "{BD933E0E-B3FD-470B-B53B-56DA8BC27467}"
EndProject
Project("{2150E333-8FDC-42A3-9474-1A3956D46DE8}") = "Dependencies", "Dependencies", "{A19659A8-EA00-4D5E-90C5-E8ABE7F4FB1C}"
EndProject
Project("{2150E333-8FDC-42A3-9474-1A3956D46DE8}") = "Documentation", "Documentation", "{E0BCE54D-F114-4ECD-B688-3C79BD0BE97A}"
	ProjectSection(SolutionItems) = preProject
		Documentation\PMU Connection Tester Help Documents.zip = Documentation\PMU Connection Tester Help Documents.zip
	EndProjectSection
EndProject
Project("{2150E333-8FDC-42A3-9474-1A3956D46DE8}") = "Libraries", "Libraries", "{C34D3287-7D53-4BBE-9F60-6ECAAA663C7A}"
EndProject
Project("{2150E333-8FDC-42A3-9474-1A3956D46DE8}") = "Tools", "Tools", "{9EEDE95F-8333-4957-B270-02D3CD4629B5}"
EndProject
Project("{FAE04EC0-301F-11D3-BF4B-00C04F79EFBC}") = "openPDC", "Applications\openPDC\openPDC.csproj", "{0BF2447E-252D-4712-B154-E350AF463081}"
EndProject
Project("{FAE04EC0-301F-11D3-BF4B-00C04F79EFBC}") = "openPDCConsole", "Applications\openPDCConsole\openPDCConsole.csproj", "{449F2CB1-89BF-4E75-8E6C-C42FEB1AB087}"
EndProject
Project("{2150E333-8FDC-42A3-9474-1A3956D46DE8}") = "Infragistics", "Infragistics", "{3391C6A0-3CB1-4552-BBF9-E11E5B15B6DB}"
	ProjectSection(SolutionItems) = preProject
		Dependencies\Infragistics\Infragistics2.Shared.v7.2.dll = Dependencies\Infragistics\Infragistics2.Shared.v7.2.dll
		Dependencies\Infragistics\Infragistics2.Shared.v7.2.xml = Dependencies\Infragistics\Infragistics2.Shared.v7.2.xml
		Dependencies\Infragistics\Infragistics2.Win.Misc.v7.2.dll = Dependencies\Infragistics\Infragistics2.Win.Misc.v7.2.dll
		Dependencies\Infragistics\Infragistics2.Win.Misc.v7.2.xml = Dependencies\Infragistics\Infragistics2.Win.Misc.v7.2.xml
		Dependencies\Infragistics\Infragistics2.Win.UltraWinChart.v7.2.dll = Dependencies\Infragistics\Infragistics2.Win.UltraWinChart.v7.2.dll
		Dependencies\Infragistics\Infragistics2.Win.UltraWinChart.v7.2.xml = Dependencies\Infragistics\Infragistics2.Win.UltraWinChart.v7.2.xml
		Dependencies\Infragistics\Infragistics2.Win.UltraWinEditors.v7.2.dll = Dependencies\Infragistics\Infragistics2.Win.UltraWinEditors.v7.2.dll
		Dependencies\Infragistics\Infragistics2.Win.UltraWinEditors.v7.2.xml = Dependencies\Infragistics\Infragistics2.Win.UltraWinEditors.v7.2.xml
		Dependencies\Infragistics\Infragistics2.Win.UltraWinMaskedEdit.v7.2.dll = Dependencies\Infragistics\Infragistics2.Win.UltraWinMaskedEdit.v7.2.dll
		Dependencies\Infragistics\Infragistics2.Win.UltraWinMaskedEdit.v7.2.xml = Dependencies\Infragistics\Infragistics2.Win.UltraWinMaskedEdit.v7.2.xml
		Dependencies\Infragistics\Infragistics2.Win.UltraWinStatusBar.v7.2.dll = Dependencies\Infragistics\Infragistics2.Win.UltraWinStatusBar.v7.2.dll
		Dependencies\Infragistics\Infragistics2.Win.UltraWinStatusBar.v7.2.xml = Dependencies\Infragistics\Infragistics2.Win.UltraWinStatusBar.v7.2.xml
		Dependencies\Infragistics\Infragistics2.Win.UltraWinTabControl.v7.2.dll = Dependencies\Infragistics\Infragistics2.Win.UltraWinTabControl.v7.2.dll
		Dependencies\Infragistics\Infragistics2.Win.UltraWinTabControl.v7.2.xml = Dependencies\Infragistics\Infragistics2.Win.UltraWinTabControl.v7.2.xml
		Dependencies\Infragistics\Infragistics2.Win.UltraWinTree.v7.2.dll = Dependencies\Infragistics\Infragistics2.Win.UltraWinTree.v7.2.dll
		Dependencies\Infragistics\Infragistics2.Win.UltraWinTree.v7.2.xml = Dependencies\Infragistics\Infragistics2.Win.UltraWinTree.v7.2.xml
		Dependencies\Infragistics\Infragistics2.Win.v7.2.dll = Dependencies\Infragistics\Infragistics2.Win.v7.2.dll
		Dependencies\Infragistics\Infragistics2.Win.v7.2.xml = Dependencies\Infragistics\Infragistics2.Win.v7.2.xml
	EndProjectSection
EndProject
Project("{2150E333-8FDC-42A3-9474-1A3956D46DE8}") = "Adapters", "Adapters", "{CDEEFA49-6184-4E99-9559-C7BBD7588F3B}"
EndProject
Project("{FAE04EC0-301F-11D3-BF4B-00C04F79EFBC}") = "TVA.PhasorProtocols", "Libraries\TVA.PhasorProtocols\TVA.PhasorProtocols.csproj", "{54CA98CC-2F0A-41F2-879D-0E42B17E8544}"
EndProject
Project("{FAE04EC0-301F-11D3-BF4B-00C04F79EFBC}") = "NASPInet", "Libraries\Adapters\NASPInet\NASPInet.csproj", "{F8902AA2-1A9A-451B-89D1-7FEA30C34C48}"
EndProject
Project("{F184B08F-C81C-45F6-A57F-5ABD9991F28F}") = "PMU Connection Tester", "Tools\PMU Connection Tester\PMU Connection Tester.vbproj", "{AB9A5D8C-38C2-4393-93D9-BC548ED0AB38}"
EndProject
Project("{2150E333-8FDC-42A3-9474-1A3956D46DE8}") = "openPDCManager", "openPDCManager", "{94B7694B-F813-47FF-8C50-33DCA32D183D}"
	ProjectSection(SolutionItems) = preProject
		Applications\openPDCManager\Readme.txt = Applications\openPDCManager\Readme.txt
	EndProjectSection
EndProject
Project("{FAE04EC0-301F-11D3-BF4B-00C04F79EFBC}") = "Web.Data", "Applications\openPDCManager\Web.Data\Web.Data.csproj", "{5314055B-EA03-4E15-8653-83F011D7A00E}"
EndProject
Project("{FAE04EC0-301F-11D3-BF4B-00C04F79EFBC}") = "Services", "Applications\openPDCManager\Services\Services.csproj", "{D96C8A3A-7E03-43C6-B401-41778D81FF70}"
EndProject
Project("{FAE04EC0-301F-11D3-BF4B-00C04F79EFBC}") = "Silverlight", "Applications\openPDCManager\Silverlight\Silverlight.csproj", "{3D0DC382-3C00-48A7-B9FF-D3154F8BEDF1}"
	ProjectSection(ProjectDependencies) = postProject
		{D96C8A3A-7E03-43C6-B401-41778D81FF70} = {D96C8A3A-7E03-43C6-B401-41778D81FF70}
	EndProjectSection
EndProject
Project("{FAE04EC0-301F-11D3-BF4B-00C04F79EFBC}") = "Web", "Applications\openPDCManager\Web\Web.csproj", "{0B8D74B6-5556-4118-8A97-2F182F32DE50}"
EndProject
Project("{2150E333-8FDC-42A3-9474-1A3956D46DE8}") = "Silverlight", "Silverlight", "{20A58D77-CB7C-444E-A084-C61B40639B60}"
	ProjectSection(SolutionItems) = preProject
		Dependencies\Infragistics\Silverlight\Infragistics.Silverlight.v9.1.dll = Dependencies\Infragistics\Silverlight\Infragistics.Silverlight.v9.1.dll
		Dependencies\Infragistics\Silverlight\Infragistics.Silverlight.XamWebMenu.v9.1.dll = Dependencies\Infragistics\Silverlight\Infragistics.Silverlight.XamWebMenu.v9.1.dll
	EndProjectSection
EndProject
Project("{2150E333-8FDC-42A3-9474-1A3956D46DE8}") = "Microsoft", "Microsoft", "{89F8C302-E1C2-4C61-9CFB-CB4879B04B38}"
	ProjectSection(SolutionItems) = preProject
		Dependencies\Microsoft\System.ServiceModel.PollingDuplex.dll = Dependencies\Microsoft\System.ServiceModel.PollingDuplex.dll
	EndProjectSection
EndProject
Project("{2150E333-8FDC-42A3-9474-1A3956D46DE8}") = "Silverlight", "Silverlight", "{2C391997-493B-4A29-9441-67A521602CFB}"
	ProjectSection(SolutionItems) = preProject
		Dependencies\Microsoft\Silverlight\Microsoft.VirtualEarth.MapControl.dll = Dependencies\Microsoft\Silverlight\Microsoft.VirtualEarth.MapControl.dll
		Dependencies\Microsoft\Silverlight\System.Windows.Controls.DataVisualization.Toolkit.dll = Dependencies\Microsoft\Silverlight\System.Windows.Controls.DataVisualization.Toolkit.dll
		Dependencies\Microsoft\Silverlight\System.Windows.Controls.Layout.Toolkit.dll = Dependencies\Microsoft\Silverlight\System.Windows.Controls.Layout.Toolkit.dll
		Dependencies\Microsoft\Silverlight\System.Windows.Controls.Toolkit.dll = Dependencies\Microsoft\Silverlight\System.Windows.Controls.Toolkit.dll
	EndProjectSection
EndProject
Project("{2150E333-8FDC-42A3-9474-1A3956D46DE8}") = "Images", "Images", "{F92C9476-E7E7-458C-B6C4-2E4707052345}"
	ProjectSection(SolutionItems) = preProject
		Documentation\Images\Data Structure Relationship Diagram.png = Documentation\Images\Data Structure Relationship Diagram.png
		Documentation\Images\TVA Phasor Data Concentrator.png = Documentation\Images\TVA Phasor Data Concentrator.png
	EndProjectSection
EndProject
Project("{2150E333-8FDC-42A3-9474-1A3956D46DE8}") = "Data", "Data", "{E7006E3E-A430-4AB2-A6CA-7653D7F62D4B}"
EndProject
Project("{2150E333-8FDC-42A3-9474-1A3956D46DE8}") = "SQL Server", "SQL Server", "{9A59B9E0-A36F-4C52-8568-CB004B20885B}"
	ProjectSection(SolutionItems) = preProject
		Data\SQL Server\InitialDataSet.sql = Data\SQL Server\InitialDataSet.sql
		Data\SQL Server\openPDC.sql = Data\SQL Server\openPDC.sql
		Data\SQL Server\SampleDataSet.sql = Data\SQL Server\SampleDataSet.sql
	EndProjectSection
EndProject
Project("{2150E333-8FDC-42A3-9474-1A3956D46DE8}") = "Access", "Access", "{F0072CE5-12A6-4713-BBD0-B57966ED2339}"
	ProjectSection(SolutionItems) = preProject
		Data\Access\openPDC-InitialDataSet.mdb = Data\Access\openPDC-InitialDataSet.mdb
		Data\Access\openPDC-SampleDataSet.mdb = Data\Access\openPDC-SampleDataSet.mdb
	EndProjectSection
EndProject
Project("{2150E333-8FDC-42A3-9474-1A3956D46DE8}") = "MySQL", "MySQL", "{41F2680B-D656-47F5-9A0D-3605BF886774}"
	ProjectSection(SolutionItems) = preProject
		Data\MySQL\InitialDataSet.sql = Data\MySQL\InitialDataSet.sql
		Data\MySQL\openPDC.sql = Data\MySQL\openPDC.sql
		Data\MySQL\SampleDataSet.sql = Data\MySQL\SampleDataSet.sql
	EndProjectSection
EndProject
Project("{FAE04EC0-301F-11D3-BF4B-00C04F79EFBC}") = "HistorianAdapters", "Libraries\Adapters\HistorianAdapters\HistorianAdapters.csproj", "{8A1BCFAA-19E8-408A-8C72-170B1211DC27}"
EndProject
Project("{FAE04EC0-301F-11D3-BF4B-00C04F79EFBC}") = "TestingAdapters", "Libraries\Adapters\TestingAdapters\TestingAdapters.csproj", "{1338A569-A156-4122-8B65-8D4C147AA348}"
EndProject
Project("{2150E333-8FDC-42A3-9474-1A3956D46DE8}") = "WebDataAccess", "WebDataAccess", "{DDCC02C0-E3BE-4989-996E-DFB0402F47A5}"
	ProjectSection(SolutionItems) = preProject
		Tools\WebDataAccess\jquery-1.3.2.min.js = Tools\WebDataAccess\jquery-1.3.2.min.js
		Tools\WebDataAccess\jquery.gchart.js = Tools\WebDataAccess\jquery.gchart.js
		Tools\WebDataAccess\openPDC_200.png = Tools\WebDataAccess\openPDC_200.png
		Tools\WebDataAccess\WebDataAccess.html = Tools\WebDataAccess\WebDataAccess.html
	EndProjectSection
EndProject
Project("{FAE04EC0-301F-11D3-BF4B-00C04F79EFBC}") = "EventDetection", "Libraries\Adapters\EventDetection\EventDetection.csproj", "{B74CF4DA-2972-489B-AF08-419560EE57EF}"
EndProject
Project("{54435603-DBB4-11D2-8724-00A0C9A8B90C}") = "openPDCSetup", "Applications\openPDCSetup\openPDCSetup.vdproj", "{27A26713-8779-41AB-AFF1-BAB6BB0228E8}"
EndProject
Global
	GlobalSection(TeamFoundationVersionControl) = preSolution
		SccNumberOfProjects = 14
		SccEnterpriseProvider = {4CA58AB2-18FA-4F8D-95D4-32DDF27D184C}
		SccTeamFoundationServer = https://tfs07.codeplex.com/
		SccLocalPath0 = .
		SccProjectUniqueName1 = Applications\\openPDC\\openPDC.csproj
		SccProjectTopLevelParentUniqueName1 = Synchrophasor.sln
		SccProjectName1 = Applications/openPDC
		SccLocalPath1 = Applications\\openPDC
		SccProjectUniqueName2 = Applications\\openPDCConsole\\openPDCConsole.csproj
		SccProjectTopLevelParentUniqueName2 = Synchrophasor.sln
		SccProjectName2 = Applications/openPDCConsole
		SccLocalPath2 = Applications\\openPDCConsole
		SccProjectUniqueName3 = Libraries\\Adapters\\NASPInet\\NASPInet.csproj
		SccProjectTopLevelParentUniqueName3 = Synchrophasor.sln
		SccProjectName3 = Libraries/Adapters/NASPInet
		SccLocalPath3 = Libraries\\Adapters\\NASPInet
		SccProjectUniqueName4 = Libraries\\TVA.PhasorProtocols\\TVA.PhasorProtocols.csproj
		SccProjectTopLevelParentUniqueName4 = Synchrophasor.sln
		SccProjectName4 = Libraries/TVA.PhasorProtocols
		SccLocalPath4 = Libraries\\TVA.PhasorProtocols
		SccProjectUniqueName5 = Tools\\PMU\u0020Connection\u0020Tester\\PMU\u0020Connection\u0020Tester.vbproj
		SccProjectTopLevelParentUniqueName5 = Synchrophasor.sln
		SccProjectName5 = Tools/PMU\u0020Connection\u0020Tester
		SccLocalPath5 = Tools\\PMU\u0020Connection\u0020Tester
		SccProjectUniqueName6 = Applications\\openPDCManager\\Web.Data\\Web.Data.csproj
		SccProjectTopLevelParentUniqueName6 = Synchrophasor.sln
		SccProjectName6 = Applications/openPDCManager/Web.Data
		SccLocalPath6 = Applications\\openPDCManager\\Web.Data
		SccProjectUniqueName7 = Applications\\openPDCManager\\Services\\Services.csproj
		SccProjectTopLevelParentUniqueName7 = Synchrophasor.sln
		SccProjectName7 = Applications/openPDCManager/Services
		SccLocalPath7 = Applications\\openPDCManager\\Services
		SccProjectUniqueName8 = Applications\\openPDCManager\\Silverlight\\Silverlight.csproj
		SccProjectTopLevelParentUniqueName8 = Synchrophasor.sln
		SccProjectName8 = Applications/openPDCManager/Silverlight
		SccLocalPath8 = Applications\\openPDCManager\\Silverlight
		SccProjectUniqueName9 = Applications\\openPDCManager\\Web\\Web.csproj
		SccProjectTopLevelParentUniqueName9 = Synchrophasor.sln
		SccProjectName9 = Applications/openPDCManager/Web
		SccLocalPath9 = Applications\\openPDCManager\\Web
		SccProjectUniqueName10 = Libraries\\Adapters\\HistorianAdapters\\HistorianAdapters.csproj
		SccProjectTopLevelParentUniqueName10 = Synchrophasor.sln
		SccProjectName10 = Libraries/Adapters/HistorianAdapters
		SccLocalPath10 = Libraries\\Adapters\\HistorianAdapters
		SccProjectUniqueName11 = Libraries\\Adapters\\EventDetection\\EventDetection.csproj
		SccProjectTopLevelParentUniqueName11 = Synchrophasor.sln
		SccProjectName11 = Libraries/Adapters/EventDetection
		SccLocalPath11 = Libraries\\Adapters\\EventDetection
		SccProjectUniqueName12 = Applications\\openPDCSetup\\openPDCSetup.vdproj
		SccProjectTopLevelParentUniqueName12 = Synchrophasor.sln
		SccProjectName12 = Applications/openPDCSetup
		SccLocalPath12 = Applications\\openPDCSetup
		SccProjectUniqueName13 = Libraries\\Adapters\\TestAdapters\\TestingAdapters.csproj
		SccProjectTopLevelParentUniqueName13 = Synchrophasor.sln
		SccProjectName13 = Libraries/Adapters/TestAdapters
		SccLocalPath13 = Libraries\\Adapters\\TestAdapters
	EndGlobalSection
	GlobalSection(SolutionConfigurationPlatforms) = preSolution
		Debug|Any CPU = Debug|Any CPU
		Release|Any CPU = Release|Any CPU
	EndGlobalSection
	GlobalSection(ProjectConfigurationPlatforms) = postSolution
		{0BF2447E-252D-4712-B154-E350AF463081}.Debug|Any CPU.ActiveCfg = Debug|Any CPU
		{0BF2447E-252D-4712-B154-E350AF463081}.Debug|Any CPU.Build.0 = Debug|Any CPU
		{0BF2447E-252D-4712-B154-E350AF463081}.Release|Any CPU.ActiveCfg = Release|Any CPU
		{0BF2447E-252D-4712-B154-E350AF463081}.Release|Any CPU.Build.0 = Release|Any CPU
		{449F2CB1-89BF-4E75-8E6C-C42FEB1AB087}.Debug|Any CPU.ActiveCfg = Debug|Any CPU
		{449F2CB1-89BF-4E75-8E6C-C42FEB1AB087}.Debug|Any CPU.Build.0 = Debug|Any CPU
		{449F2CB1-89BF-4E75-8E6C-C42FEB1AB087}.Release|Any CPU.ActiveCfg = Release|Any CPU
		{449F2CB1-89BF-4E75-8E6C-C42FEB1AB087}.Release|Any CPU.Build.0 = Release|Any CPU
		{54CA98CC-2F0A-41F2-879D-0E42B17E8544}.Debug|Any CPU.ActiveCfg = Debug|Any CPU
		{54CA98CC-2F0A-41F2-879D-0E42B17E8544}.Debug|Any CPU.Build.0 = Debug|Any CPU
		{54CA98CC-2F0A-41F2-879D-0E42B17E8544}.Release|Any CPU.ActiveCfg = Release|Any CPU
		{54CA98CC-2F0A-41F2-879D-0E42B17E8544}.Release|Any CPU.Build.0 = Release|Any CPU
		{F8902AA2-1A9A-451B-89D1-7FEA30C34C48}.Debug|Any CPU.ActiveCfg = Debug|Any CPU
		{F8902AA2-1A9A-451B-89D1-7FEA30C34C48}.Debug|Any CPU.Build.0 = Debug|Any CPU
		{F8902AA2-1A9A-451B-89D1-7FEA30C34C48}.Release|Any CPU.ActiveCfg = Release|Any CPU
		{F8902AA2-1A9A-451B-89D1-7FEA30C34C48}.Release|Any CPU.Build.0 = Release|Any CPU
		{AB9A5D8C-38C2-4393-93D9-BC548ED0AB38}.Debug|Any CPU.ActiveCfg = Debug|Any CPU
		{AB9A5D8C-38C2-4393-93D9-BC548ED0AB38}.Debug|Any CPU.Build.0 = Debug|Any CPU
		{AB9A5D8C-38C2-4393-93D9-BC548ED0AB38}.Release|Any CPU.ActiveCfg = Release|Any CPU
		{AB9A5D8C-38C2-4393-93D9-BC548ED0AB38}.Release|Any CPU.Build.0 = Release|Any CPU
		{5314055B-EA03-4E15-8653-83F011D7A00E}.Debug|Any CPU.ActiveCfg = Debug|Any CPU
		{5314055B-EA03-4E15-8653-83F011D7A00E}.Debug|Any CPU.Build.0 = Debug|Any CPU
		{5314055B-EA03-4E15-8653-83F011D7A00E}.Release|Any CPU.ActiveCfg = Release|Any CPU
		{5314055B-EA03-4E15-8653-83F011D7A00E}.Release|Any CPU.Build.0 = Release|Any CPU
		{D96C8A3A-7E03-43C6-B401-41778D81FF70}.Debug|Any CPU.ActiveCfg = Debug|Any CPU
		{D96C8A3A-7E03-43C6-B401-41778D81FF70}.Debug|Any CPU.Build.0 = Debug|Any CPU
		{D96C8A3A-7E03-43C6-B401-41778D81FF70}.Release|Any CPU.ActiveCfg = Release|Any CPU
		{D96C8A3A-7E03-43C6-B401-41778D81FF70}.Release|Any CPU.Build.0 = Release|Any CPU
		{3D0DC382-3C00-48A7-B9FF-D3154F8BEDF1}.Debug|Any CPU.ActiveCfg = Debug|Any CPU
		{3D0DC382-3C00-48A7-B9FF-D3154F8BEDF1}.Debug|Any CPU.Build.0 = Debug|Any CPU
		{3D0DC382-3C00-48A7-B9FF-D3154F8BEDF1}.Release|Any CPU.ActiveCfg = Release|Any CPU
		{3D0DC382-3C00-48A7-B9FF-D3154F8BEDF1}.Release|Any CPU.Build.0 = Release|Any CPU
		{0B8D74B6-5556-4118-8A97-2F182F32DE50}.Debug|Any CPU.ActiveCfg = Debug|Any CPU
		{0B8D74B6-5556-4118-8A97-2F182F32DE50}.Debug|Any CPU.Build.0 = Debug|Any CPU
		{0B8D74B6-5556-4118-8A97-2F182F32DE50}.Release|Any CPU.ActiveCfg = Release|Any CPU
		{0B8D74B6-5556-4118-8A97-2F182F32DE50}.Release|Any CPU.Build.0 = Release|Any CPU
		{8A1BCFAA-19E8-408A-8C72-170B1211DC27}.Debug|Any CPU.ActiveCfg = Debug|Any CPU
		{8A1BCFAA-19E8-408A-8C72-170B1211DC27}.Debug|Any CPU.Build.0 = Debug|Any CPU
		{8A1BCFAA-19E8-408A-8C72-170B1211DC27}.Release|Any CPU.ActiveCfg = Release|Any CPU
		{8A1BCFAA-19E8-408A-8C72-170B1211DC27}.Release|Any CPU.Build.0 = Release|Any CPU
		{1338A569-A156-4122-8B65-8D4C147AA348}.Debug|Any CPU.ActiveCfg = Debug|Any CPU
		{1338A569-A156-4122-8B65-8D4C147AA348}.Debug|Any CPU.Build.0 = Debug|Any CPU
		{1338A569-A156-4122-8B65-8D4C147AA348}.Release|Any CPU.ActiveCfg = Release|Any CPU
		{1338A569-A156-4122-8B65-8D4C147AA348}.Release|Any CPU.Build.0 = Release|Any CPU
		{B74CF4DA-2972-489B-AF08-419560EE57EF}.Debug|Any CPU.ActiveCfg = Debug|Any CPU
		{B74CF4DA-2972-489B-AF08-419560EE57EF}.Debug|Any CPU.Build.0 = Debug|Any CPU
		{B74CF4DA-2972-489B-AF08-419560EE57EF}.Release|Any CPU.ActiveCfg = Release|Any CPU
		{B74CF4DA-2972-489B-AF08-419560EE57EF}.Release|Any CPU.Build.0 = Release|Any CPU
		{27A26713-8779-41AB-AFF1-BAB6BB0228E8}.Debug|Any CPU.ActiveCfg = Debug
		{27A26713-8779-41AB-AFF1-BAB6BB0228E8}.Release|Any CPU.ActiveCfg = Release
	EndGlobalSection
	GlobalSection(SolutionProperties) = preSolution
		HideSolutionNode = FALSE
	EndGlobalSection
	GlobalSection(NestedProjects) = preSolution
		{0BF2447E-252D-4712-B154-E350AF463081} = {BD933E0E-B3FD-470B-B53B-56DA8BC27467}
		{449F2CB1-89BF-4E75-8E6C-C42FEB1AB087} = {BD933E0E-B3FD-470B-B53B-56DA8BC27467}
		{94B7694B-F813-47FF-8C50-33DCA32D183D} = {BD933E0E-B3FD-470B-B53B-56DA8BC27467}
		{27A26713-8779-41AB-AFF1-BAB6BB0228E8} = {BD933E0E-B3FD-470B-B53B-56DA8BC27467}
		{3391C6A0-3CB1-4552-BBF9-E11E5B15B6DB} = {A19659A8-EA00-4D5E-90C5-E8ABE7F4FB1C}
		{89F8C302-E1C2-4C61-9CFB-CB4879B04B38} = {A19659A8-EA00-4D5E-90C5-E8ABE7F4FB1C}
		{F92C9476-E7E7-458C-B6C4-2E4707052345} = {E0BCE54D-F114-4ECD-B688-3C79BD0BE97A}
		{CDEEFA49-6184-4E99-9559-C7BBD7588F3B} = {C34D3287-7D53-4BBE-9F60-6ECAAA663C7A}
		{54CA98CC-2F0A-41F2-879D-0E42B17E8544} = {C34D3287-7D53-4BBE-9F60-6ECAAA663C7A}
		{AB9A5D8C-38C2-4393-93D9-BC548ED0AB38} = {9EEDE95F-8333-4957-B270-02D3CD4629B5}
		{DDCC02C0-E3BE-4989-996E-DFB0402F47A5} = {9EEDE95F-8333-4957-B270-02D3CD4629B5}
		{20A58D77-CB7C-444E-A084-C61B40639B60} = {3391C6A0-3CB1-4552-BBF9-E11E5B15B6DB}
		{F8902AA2-1A9A-451B-89D1-7FEA30C34C48} = {CDEEFA49-6184-4E99-9559-C7BBD7588F3B}
		{8A1BCFAA-19E8-408A-8C72-170B1211DC27} = {CDEEFA49-6184-4E99-9559-C7BBD7588F3B}
		{1338A569-A156-4122-8B65-8D4C147AA348} = {CDEEFA49-6184-4E99-9559-C7BBD7588F3B}
		{B74CF4DA-2972-489B-AF08-419560EE57EF} = {CDEEFA49-6184-4E99-9559-C7BBD7588F3B}
		{5314055B-EA03-4E15-8653-83F011D7A00E} = {94B7694B-F813-47FF-8C50-33DCA32D183D}
		{D96C8A3A-7E03-43C6-B401-41778D81FF70} = {94B7694B-F813-47FF-8C50-33DCA32D183D}
		{3D0DC382-3C00-48A7-B9FF-D3154F8BEDF1} = {94B7694B-F813-47FF-8C50-33DCA32D183D}
		{0B8D74B6-5556-4118-8A97-2F182F32DE50} = {94B7694B-F813-47FF-8C50-33DCA32D183D}
		{2C391997-493B-4A29-9441-67A521602CFB} = {89F8C302-E1C2-4C61-9CFB-CB4879B04B38}
		{9A59B9E0-A36F-4C52-8568-CB004B20885B} = {E7006E3E-A430-4AB2-A6CA-7653D7F62D4B}
		{F0072CE5-12A6-4713-BBD0-B57966ED2339} = {E7006E3E-A430-4AB2-A6CA-7653D7F62D4B}
		{41F2680B-D656-47F5-9A0D-3605BF886774} = {E7006E3E-A430-4AB2-A6CA-7653D7F62D4B}
	EndGlobalSection
EndGlobal
